// !$*UTF8*$!
{
	archiveVersion = 1;
	classes = {
	};
	objectVersion = 56;
	objects = {

/* Begin PBXBuildFile section */
		5312F02129BAD1E4004D4540 /* QuestionViewController.swift in Sources */ = {isa = PBXBuildFile; fileRef = 5312F02029BAD1E4004D4540 /* QuestionViewController.swift */; };
		5312F02329BAD261004D4540 /* ResultViewController.swift in Sources */ = {isa = PBXBuildFile; fileRef = 5312F02229BAD261004D4540 /* ResultViewController.swift */; };
		5312F02529BAE3D1004D4540 /* QuestionData.swift in Sources */ = {isa = PBXBuildFile; fileRef = 5312F02429BAE3D1004D4540 /* QuestionData.swift */; };
		53C3873929BAC54A00B9D371 /* AppDelegate.swift in Sources */ = {isa = PBXBuildFile; fileRef = 53C3873829BAC54A00B9D371 /* AppDelegate.swift */; };
		53C3873B29BAC54A00B9D371 /* SceneDelegate.swift in Sources */ = {isa = PBXBuildFile; fileRef = 53C3873A29BAC54A00B9D371 /* SceneDelegate.swift */; };
		53C3873D29BAC54A00B9D371 /* IntroductionViewController.swift in Sources */ = {isa = PBXBuildFile; fileRef = 53C3873C29BAC54A00B9D371 /* IntroductionViewController.swift */; };
		53C3874029BAC54A00B9D371 /* Main.storyboard in Resources */ = {isa = PBXBuildFile; fileRef = 53C3873E29BAC54A00B9D371 /* Main.storyboard */; };
		53C3874229BAC54B00B9D371 /* Assets.xcassets in Resources */ = {isa = PBXBuildFile; fileRef = 53C3874129BAC54B00B9D371 /* Assets.xcassets */; };
		53C3874529BAC54B00B9D371 /* LaunchScreen.storyboard in Resources */ = {isa = PBXBuildFile; fileRef = 53C3874329BAC54B00B9D371 /* LaunchScreen.storyboard */; };
/* End PBXBuildFile section */

/* Begin PBXFileReference section */
		5312F02029BAD1E4004D4540 /* QuestionViewController.swift */ = {isa = PBXFileReference; lastKnownFileType = sourcecode.swift; path = QuestionViewController.swift; sourceTree = "<group>"; };
		5312F02229BAD261004D4540 /* ResultViewController.swift */ = {isa = PBXFileReference; lastKnownFileType = sourcecode.swift; path = ResultViewController.swift; sourceTree = "<group>"; };
		5312F02429BAE3D1004D4540 /* QuestionData.swift */ = {isa = PBXFileReference; lastKnownFileType = sourcecode.swift; path = QuestionData.swift; sourceTree = "<group>"; };
		53C3873529BAC54A00B9D371 /* personalQuiz.app */ = {isa = PBXFileReference; explicitFileType = wrapper.application; includeInIndex = 0; path = personalQuiz.app; sourceTree = BUILT_PRODUCTS_DIR; };
		53C3873829BAC54A00B9D371 /* AppDelegate.swift */ = {isa = PBXFileReference; lastKnownFileType = sourcecode.swift; path = AppDelegate.swift; sourceTree = "<group>"; };
		53C3873A29BAC54A00B9D371 /* SceneDelegate.swift */ = {isa = PBXFileReference; lastKnownFileType = sourcecode.swift; path = SceneDelegate.swift; sourceTree = "<group>"; };
		53C3873C29BAC54A00B9D371 /* IntroductionViewController.swift */ = {isa = PBXFileReference; lastKnownFileType = sourcecode.swift; path = IntroductionViewController.swift; sourceTree = "<group>"; };
		53C3873F29BAC54A00B9D371 /* Base */ = {isa = PBXFileReference; lastKnownFileType = file.storyboard; name = Base; path = Base.lproj/Main.storyboard; sourceTree = "<group>"; };
		53C3874129BAC54B00B9D371 /* Assets.xcassets */ = {isa = PBXFileReference; lastKnownFileType = folder.assetcatalog; path = Assets.xcassets; sourceTree = "<group>"; };
		53C3874429BAC54B00B9D371 /* Base */ = {isa = PBXFileReference; lastKnownFileType = file.storyboard; name = Base; path = Base.lproj/LaunchScreen.storyboard; sourceTree = "<group>"; };
		53C3874629BAC54B00B9D371 /* Info.plist */ = {isa = PBXFileReference; lastKnownFileType = text.plist.xml; path = Info.plist; sourceTree = "<group>"; };
/* End PBXFileReference section */

/* Begin PBXFrameworksBuildPhase section */
		53C3873229BAC54A00B9D371 /* Frameworks */ = {
			isa = PBXFrameworksBuildPhase;
			buildActionMask = 2147483647;
			files = (
			);
			runOnlyForDeploymentPostprocessing = 0;
		};
/* End PBXFrameworksBuildPhase section */

/* Begin PBXGroup section */
		53C3872C29BAC54A00B9D371 = {
			isa = PBXGroup;
			children = (
				53C3873729BAC54A00B9D371 /* personalQuiz */,
				53C3873629BAC54A00B9D371 /* Products */,
			);
			sourceTree = "<group>";
		};
		53C3873629BAC54A00B9D371 /* Products */ = {
			isa = PBXGroup;
			children = (
				53C3873529BAC54A00B9D371 /* personalQuiz.app */,
			);
			name = Products;
			sourceTree = "<group>";
		};
		53C3873729BAC54A00B9D371 /* personalQuiz */ = {
			isa = PBXGroup;
			children = (
				53C3873829BAC54A00B9D371 /* AppDelegate.swift */,
				53C3873A29BAC54A00B9D371 /* SceneDelegate.swift */,
				53C3873C29BAC54A00B9D371 /* IntroductionViewController.swift */,
				5312F02229BAD261004D4540 /* ResultViewController.swift */,
				53C3873E29BAC54A00B9D371 /* Main.storyboard */,
				5312F02429BAE3D1004D4540 /* QuestionData.swift */,
				5312F02029BAD1E4004D4540 /* QuestionViewController.swift */,
				53C3874129BAC54B00B9D371 /* Assets.xcassets */,
				53C3874329BAC54B00B9D371 /* LaunchScreen.storyboard */,
				53C3874629BAC54B00B9D371 /* Info.plist */,
			);
			path = personalQuiz;
			sourceTree = "<group>";
		};
/* End PBXGroup section */

/* Begin PBXNativeTarget section */
		53C3873429BAC54A00B9D371 /* personalQuiz */ = {
			isa = PBXNativeTarget;
			buildConfigurationList = 53C3874929BAC54B00B9D371 /* Build configuration list for PBXNativeTarget "personalQuiz" */;
			buildPhases = (
				53C3873129BAC54A00B9D371 /* Sources */,
				53C3873229BAC54A00B9D371 /* Frameworks */,
				53C3873329BAC54A00B9D371 /* Resources */,
			);
			buildRules = (
			);
			dependencies = (
			);
			name = personalQuiz;
			productName = personalQuiz;
			productReference = 53C3873529BAC54A00B9D371 /* personalQuiz.app */;
			productType = "com.apple.product-type.application";
		};
/* End PBXNativeTarget section */

/* Begin PBXProject section */
		53C3872D29BAC54A00B9D371 /* Project object */ = {
			isa = PBXProject;
			attributes = {
				BuildIndependentTargetsInParallel = 1;
				LastSwiftUpdateCheck = 1420;
				LastUpgradeCheck = 1420;
				TargetAttributes = {
					53C3873429BAC54A00B9D371 = {
						CreatedOnToolsVersion = 14.2;
					};
				};
			};
			buildConfigurationList = 53C3873029BAC54A00B9D371 /* Build configuration list for PBXProject "personalQuiz" */;
			compatibilityVersion = "Xcode 14.0";
			developmentRegion = en;
			hasScannedForEncodings = 0;
			knownRegions = (
				en,
				Base,
			);
			mainGroup = 53C3872C29BAC54A00B9D371;
			productRefGroup = 53C3873629BAC54A00B9D371 /* Products */;
			projectDirPath = "";
			projectRoot = "";
			targets = (
				53C3873429BAC54A00B9D371 /* personalQuiz */,
			);
		};
/* End PBXProject section */

/* Begin PBXResourcesBuildPhase section */
		53C3873329BAC54A00B9D371 /* Resources */ = {
			isa = PBXResourcesBuildPhase;
			buildActionMask = 2147483647;
			files = (
				53C3874529BAC54B00B9D371 /* LaunchScreen.storyboard in Resources */,
				53C3874229BAC54B00B9D371 /* Assets.xcassets in Resources */,
				53C3874029BAC54A00B9D371 /* Main.storyboard in Resources */,
			);
			runOnlyForDeploymentPostprocessing = 0;
		};
/* End PBXResourcesBuildPhase section */

/* Begin PBXSourcesBuildPhase section */
		53C3873129BAC54A00B9D371 /* Sources */ = {
			isa = PBXSourcesBuildPhase;
			buildActionMask = 2147483647;
			files = (
				5312F02329BAD261004D4540 /* ResultViewController.swift in Sources */,
				53C3873D29BAC54A00B9D371 /* IntroductionViewController.swift in Sources */,
				53C3873929BAC54A00B9D371 /* AppDelegate.swift in Sources */,
				5312F02529BAE3D1004D4540 /* QuestionData.swift in Sources */,
				5312F02129BAD1E4004D4540 /* QuestionViewController.swift in Sources */,
				53C3873B29BAC54A00B9D371 /* SceneDelegate.swift in Sources */,
			);
			runOnlyForDeploymentPostprocessing = 0;
		};
/* End PBXSourcesBuildPhase section */

/* Begin PBXVariantGroup section */
		53C3873E29BAC54A00B9D371 /* Main.storyboard */ = {
			isa = PBXVariantGroup;
			children = (
				53C3873F29BAC54A00B9D371 /* Base */,
			);
			name = Main.storyboard;
			sourceTree = "<group>";
		};
		53C3874329BAC54B00B9D371 /* LaunchScreen.storyboard */ = {
			isa = PBXVariantGroup;
			children = (
				53C3874429BAC54B00B9D371 /* Base */,
			);
			name = LaunchScreen.storyboard;
			sourceTree = "<group>";
		};
/* End PBXVariantGroup section */

/* Begin XCBuildConfiguration section */
		53C3874729BAC54B00B9D371 /* Debug */ = {
			isa = XCBuildConfiguration;
			buildSettings = {
				ALWAYS_SEARCH_USER_PATHS = NO;
				CLANG_ANALYZER_NONNULL = YES;
				CLANG_ANALYZER_NUMBER_OBJECT_CONVERSION = YES_AGGRESSIVE;
				CLANG_CXX_LANGUAGE_STANDARD = "gnu++20";
				CLANG_ENABLE_MODULES = YES;
				CLANG_ENABLE_OBJC_ARC = YES;
				CLANG_ENABLE_OBJC_WEAK = YES;
				CLANG_WARN_BLOCK_CAPTURE_AUTORELEASING = YES;
				CLANG_WARN_BOOL_CONVERSION = YES;
				CLANG_WARN_COMMA = YES;
				CLANG_WARN_CONSTANT_CONVERSION = YES;
				CLANG_WARN_DEPRECATED_OBJC_IMPLEMENTATIONS = YES;
				CLANG_WARN_DIRECT_OBJC_ISA_USAGE = YES_ERROR;
				CLANG_WARN_DOCUMENTATION_COMMENTS = YES;
				CLANG_WARN_EMPTY_BODY = YES;
				CLANG_WARN_ENUM_CONVERSION = YES;
				CLANG_WARN_INFINITE_RECURSION = YES;
				CLANG_WARN_INT_CONVERSION = YES;
				CLANG_WARN_NON_LITERAL_NULL_CONVERSION = YES;
				CLANG_WARN_OBJC_IMPLICIT_RETAIN_SELF = YES;
				CLANG_WARN_OBJC_LITERAL_CONVERSION = YES;
				CLANG_WARN_OBJC_ROOT_CLASS = YES_ERROR;
				CLANG_WARN_QUOTED_INCLUDE_IN_FRAMEWORK_HEADER = YES;
				CLANG_WARN_RANGE_LOOP_ANALYSIS = YES;
				CLANG_WARN_STRICT_PROTOTYPES = YES;
				CLANG_WARN_SUSPICIOUS_MOVE = YES;
				CLANG_WARN_UNGUARDED_AVAILABILITY = YES_AGGRESSIVE;
				CLANG_WARN_UNREACHABLE_CODE = YES;
				CLANG_WARN__DUPLICATE_METHOD_MATCH = YES;
				COPY_PHASE_STRIP = NO;
				DEBUG_INFORMATION_FORMAT = dwarf;
				ENABLE_STRICT_OBJC_MSGSEND = YES;
				ENABLE_TESTABILITY = YES;
				GCC_C_LANGUAGE_STANDARD = gnu11;
				GCC_DYNAMIC_NO_PIC = NO;
				GCC_NO_COMMON_BLOCKS = YES;
				GCC_OPTIMIZATION_LEVEL = 0;
				GCC_PREPROCESSOR_DEFINITIONS = (
					"DEBUG=1",
					"$(inherited)",
				);
				GCC_WARN_64_TO_32_BIT_CONVERSION = YES;
				GCC_WARN_ABOUT_RETURN_TYPE = YES_ERROR;
				GCC_WARN_UNDECLARED_SELECTOR = YES;
				GCC_WARN_UNINITIALIZED_AUTOS = YES_AGGRESSIVE;
				GCC_WARN_UNUSED_FUNCTION = YES;
				GCC_WARN_UNUSED_VARIABLE = YES;
				IPHONEOS_DEPLOYMENT_TARGET = 16.2;
				MTL_ENABLE_DEBUG_INFO = INCLUDE_SOURCE;
				MTL_FAST_MATH = YES;
				ONLY_ACTIVE_ARCH = YES;
				SDKROOT = iphoneos;
				SWIFT_ACTIVE_COMPILATION_CONDITIONS = DEBUG;
				SWIFT_OPTIMIZATION_LEVEL = "-Onone";
			};
			name = Debug;
		};
		53C3874829BAC54B00B9D371 /* Release */ = {
			isa = XCBuildConfiguration;
			buildSettings = {
				ALWAYS_SEARCH_USER_PATHS = NO;
				CLANG_ANALYZER_NONNULL = YES;
				CLANG_ANALYZER_NUMBER_OBJECT_CONVERSION = YES_AGGRESSIVE;
				CLANG_CXX_LANGUAGE_STANDARD = "gnu++20";
				CLANG_ENABLE_MODULES = YES;
				CLANG_ENABLE_OBJC_ARC = YES;
				CLANG_ENABLE_OBJC_WEAK = YES;
				CLANG_WARN_BLOCK_CAPTURE_AUTORELEASING = YES;
				CLANG_WARN_BOOL_CONVERSION = YES;
				CLANG_WARN_COMMA = YES;
				CLANG_WARN_CONSTANT_CONVERSION = YES;
				CLANG_WARN_DEPRECATED_OBJC_IMPLEMENTATIONS = YES;
				CLANG_WARN_DIRECT_OBJC_ISA_USAGE = YES_ERROR;
				CLANG_WARN_DOCUMENTATION_COMMENTS = YES;
				CLANG_WARN_EMPTY_BODY = YES;
				CLANG_WARN_ENUM_CONVERSION = YES;
				CLANG_WARN_INFINITE_RECURSION = YES;
				CLANG_WARN_INT_CONVERSION = YES;
				CLANG_WARN_NON_LITERAL_NULL_CONVERSION = YES;
				CLANG_WARN_OBJC_IMPLICIT_RETAIN_SELF = YES;
				CLANG_WARN_OBJC_LITERAL_CONVERSION = YES;
				CLANG_WARN_OBJC_ROOT_CLASS = YES_ERROR;
				CLANG_WARN_QUOTED_INCLUDE_IN_FRAMEWORK_HEADER = YES;
				CLANG_WARN_RANGE_LOOP_ANALYSIS = YES;
				CLANG_WARN_STRICT_PROTOTYPES = YES;
				CLANG_WARN_SUSPICIOUS_MOVE = YES;
				CLANG_WARN_UNGUARDED_AVAILABILITY = YES_AGGRESSIVE;
				CLANG_WARN_UNREACHABLE_CODE = YES;
				CLANG_WARN__DUPLICATE_METHOD_MATCH = YES;
				COPY_PHASE_STRIP = NO;
				DEBUG_INFORMATION_FORMAT = "dwarf-with-dsym";
				ENABLE_NS_ASSERTIONS = NO;
				ENABLE_STRICT_OBJC_MSGSEND = YES;
				GCC_C_LANGUAGE_STANDARD = gnu11;
				GCC_NO_COMMON_BLOCKS = YES;
				GCC_WARN_64_TO_32_BIT_CONVERSION = YES;
				GCC_WARN_ABOUT_RETURN_TYPE = YES_ERROR;
				GCC_WARN_UNDECLARED_SELECTOR = YES;
				GCC_WARN_UNINITIALIZED_AUTOS = YES_AGGRESSIVE;
				GCC_WARN_UNUSED_FUNCTION = YES;
				GCC_WARN_UNUSED_VARIABLE = YES;
				IPHONEOS_DEPLOYMENT_TARGET = 16.2;
				MTL_ENABLE_DEBUG_INFO = NO;
				MTL_FAST_MATH = YES;
				SDKROOT = iphoneos;
				SWIFT_COMPILATION_MODE = wholemodule;
				SWIFT_OPTIMIZATION_LEVEL = "-O";
				VALIDATE_PRODUCT = YES;
			};
			name = Release;
		};
		53C3874A29BAC54B00B9D371 /* Debug */ = {
			isa = XCBuildConfiguration;
			buildSettings = {
				ASSETCATALOG_COMPILER_APPICON_NAME = AppIcon;
				ASSETCATALOG_COMPILER_GLOBAL_ACCENT_COLOR_NAME = AccentColor;
				CODE_SIGN_STYLE = Automatic;
				CURRENT_PROJECT_VERSION = 1;
				DEVELOPMENT_TEAM = NV7B5XMKVP;
				GENERATE_INFOPLIST_FILE = YES;
				INFOPLIST_FILE = personalQuiz/Info.plist;
				INFOPLIST_KEY_UIApplicationSupportsIndirectInputEvents = YES;
				INFOPLIST_KEY_UILaunchStoryboardName = LaunchScreen;
				INFOPLIST_KEY_UIMainStoryboardFile = Main;
				INFOPLIST_KEY_UISupportedInterfaceOrientations_iPad = "UIInterfaceOrientationPortrait UIInterfaceOrientationPortraitUpsideDown UIInterfaceOrientationLandscapeLeft UIInterfaceOrientationLandscapeRight";
				INFOPLIST_KEY_UISupportedInterfaceOrientations_iPhone = "UIInterfaceOrientationPortrait UIInterfaceOrientationLandscapeLeft UIInterfaceOrientationLandscapeRight";
				LD_RUNPATH_SEARCH_PATHS = (
					"$(inherited)",
					"@executable_path/Frameworks",
				);
				MARKETING_VERSION = 1.0;
				PRODUCT_BUNDLE_IDENTIFIER = com.carryme.personalQuiz;
				PRODUCT_NAME = "$(TARGET_NAME)";
				SWIFT_EMIT_LOC_STRINGS = YES;
				SWIFT_VERSION = 5.0;
				TARGETED_DEVICE_FAMILY = "1,2";
			};
			name = Debug;
		};
		53C3874B29BAC54B00B9D371 /* Release */ = {
			isa = XCBuildConfiguration;
			buildSettings = {
				ASSETCATALOG_COMPILER_APPICON_NAME = AppIcon;
				ASSETCATALOG_COMPILER_GLOBAL_ACCENT_COLOR_NAME = AccentColor;
				CODE_SIGN_STYLE = Automatic;
				CURRENT_PROJECT_VERSION = 1;
				DEVELOPMENT_TEAM = NV7B5XMKVP;
				GENERATE_INFOPLIST_FILE = YES;
				INFOPLIST_FILE = personalQuiz/Info.plist;
				INFOPLIST_KEY_UIApplicationSupportsIndirectInputEvents = YES;
				INFOPLIST_KEY_UILaunchStoryboardName = LaunchScreen;
				INFOPLIST_KEY_UIMainStoryboardFile = Main;
				INFOPLIST_KEY_UISupportedInterfaceOrientations_iPad = "UIInterfaceOrientationPortrait UIInterfaceOrientationPortraitUpsideDown UIInterfaceOrientationLandscapeLeft UIInterfaceOrientationLandscapeRight";
				INFOPLIST_KEY_UISupportedInterfaceOrientations_iPhone = "UIInterfaceOrientationPortrait UIInterfaceOrientationLandscapeLeft UIInterfaceOrientationLandscapeRight";
				LD_RUNPATH_SEARCH_PATHS = (
					"$(inherited)",
					"@executable_path/Frameworks",
				);
				MARKETING_VERSION = 1.0;
				PRODUCT_BUNDLE_IDENTIFIER = com.carryme.personalQuiz;
				PRODUCT_NAME = "$(TARGET_NAME)";
				SWIFT_EMIT_LOC_STRINGS = YES;
				SWIFT_VERSION = 5.0;
				TARGETED_DEVICE_FAMILY = "1,2";
			};
			name = Release;
		};
/* End XCBuildConfiguration section */

/* Begin XCConfigurationList section */
		53C3873029BAC54A00B9D371 /* Build configuration list for PBXProject "personalQuiz" */ = {
			isa = XCConfigurationList;
			buildConfigurations = (
				53C3874729BAC54B00B9D371 /* Debug */,
				53C3874829BAC54B00B9D371 /* Release */,
			);
			defaultConfigurationIsVisible = 0;
			defaultConfigurationName = Release;
		};
		53C3874929BAC54B00B9D371 /* Build configuration list for PBXNativeTarget "personalQuiz" */ = {
			isa = XCConfigurationList;
			buildConfigurations = (
				53C3874A29BAC54B00B9D371 /* Debug */,
				53C3874B29BAC54B00B9D371 /* Release */,
			);
			defaultConfigurationIsVisible = 0;
			defaultConfigurationName = Release;
		};
/* End XCConfigurationList section */
	};
	rootObject = 53C3872D29BAC54A00B9D371 /* Project object */;
}
